// !$*UTF8*$!
{
	archiveVersion = 1;
	classes = {
	};
	objectVersion = 56;
	objects = {

/* Begin PBXBuildFile section */
		BCB047392AF5A4DB004C5A98 /* Post.swift in Sources */ = {isa = PBXBuildFile; fileRef = BCB047382AF5A4DB004C5A98 /* Post.swift */; };
		BCB0473B2AF5A5BA004C5A98 /* ListOfPosts.swift in Sources */ = {isa = PBXBuildFile; fileRef = BCB0473A2AF5A5BA004C5A98 /* ListOfPosts.swift */; };
		BCB0473D2AF5A6F1004C5A98 /* Date.swift in Sources */ = {isa = PBXBuildFile; fileRef = BCB0473C2AF5A6F1004C5A98 /* Date.swift */; };
		BCB0473F2AF5A85E004C5A98 /* Country.swift in Sources */ = {isa = PBXBuildFile; fileRef = BCB0473E2AF5A85E004C5A98 /* Country.swift */; };
		BCB047422AF5B5BB004C5A98 /* InfoView.swift in Sources */ = {isa = PBXBuildFile; fileRef = BCB047412AF5B5BB004C5A98 /* InfoView.swift */; };
		BCB047442AF5B92A004C5A98 /* InfoRow.swift in Sources */ = {isa = PBXBuildFile; fileRef = BCB047432AF5B92A004C5A98 /* InfoRow.swift */; };
		BCB047462AF5B93B004C5A98 /* InfoDetails.swift in Sources */ = {isa = PBXBuildFile; fileRef = BCB047452AF5B93B004C5A98 /* InfoDetails.swift */; };
		BCB047482AF5C16F004C5A98 /* String.swift in Sources */ = {isa = PBXBuildFile; fileRef = BCB047472AF5C16F004C5A98 /* String.swift */; };
		BCB0474A2AF5DD14004C5A98 /* HelloView.swift in Sources */ = {isa = PBXBuildFile; fileRef = BCB047492AF5DD14004C5A98 /* HelloView.swift */; };
		BCB0474C2AF5DD98004C5A98 /* SettingsView.swift in Sources */ = {isa = PBXBuildFile; fileRef = BCB0474B2AF5DD98004C5A98 /* SettingsView.swift */; };
		BCFF956C2AF564BA0027ADDB /* GrandPrixCalendarApp.swift in Sources */ = {isa = PBXBuildFile; fileRef = BCFF956B2AF564BA0027ADDB /* GrandPrixCalendarApp.swift */; };
		BCFF956E2AF564BA0027ADDB /* ContentView.swift in Sources */ = {isa = PBXBuildFile; fileRef = BCFF956D2AF564BA0027ADDB /* ContentView.swift */; };
		BCFF95702AF564BB0027ADDB /* Assets.xcassets in Resources */ = {isa = PBXBuildFile; fileRef = BCFF956F2AF564BB0027ADDB /* Assets.xcassets */; };
		BCFF95732AF564BB0027ADDB /* Preview Assets.xcassets in Resources */ = {isa = PBXBuildFile; fileRef = BCFF95722AF564BB0027ADDB /* Preview Assets.xcassets */; };
/* End PBXBuildFile section */

/* Begin PBXFileReference section */
		BCB047382AF5A4DB004C5A98 /* Post.swift */ = {isa = PBXFileReference; lastKnownFileType = sourcecode.swift; path = Post.swift; sourceTree = "<group>"; };
		BCB0473A2AF5A5BA004C5A98 /* ListOfPosts.swift */ = {isa = PBXFileReference; lastKnownFileType = sourcecode.swift; path = ListOfPosts.swift; sourceTree = "<group>"; };
		BCB0473C2AF5A6F1004C5A98 /* Date.swift */ = {isa = PBXFileReference; lastKnownFileType = sourcecode.swift; path = Date.swift; sourceTree = "<group>"; };
		BCB0473E2AF5A85E004C5A98 /* Country.swift */ = {isa = PBXFileReference; lastKnownFileType = sourcecode.swift; path = Country.swift; sourceTree = "<group>"; };
		BCB047412AF5B5BB004C5A98 /* InfoView.swift */ = {isa = PBXFileReference; lastKnownFileType = sourcecode.swift; path = InfoView.swift; sourceTree = "<group>"; };
		BCB047432AF5B92A004C5A98 /* InfoRow.swift */ = {isa = PBXFileReference; lastKnownFileType = sourcecode.swift; path = InfoRow.swift; sourceTree = "<group>"; };
		BCB047452AF5B93B004C5A98 /* InfoDetails.swift */ = {isa = PBXFileReference; lastKnownFileType = sourcecode.swift; path = InfoDetails.swift; sourceTree = "<group>"; };
		BCB047472AF5C16F004C5A98 /* String.swift */ = {isa = PBXFileReference; lastKnownFileType = sourcecode.swift; path = String.swift; sourceTree = "<group>"; };
		BCB047492AF5DD14004C5A98 /* HelloView.swift */ = {isa = PBXFileReference; lastKnownFileType = sourcecode.swift; path = HelloView.swift; sourceTree = "<group>"; };
		BCB0474B2AF5DD98004C5A98 /* SettingsView.swift */ = {isa = PBXFileReference; lastKnownFileType = sourcecode.swift; path = SettingsView.swift; sourceTree = "<group>"; };
		BCFF95682AF564BA0027ADDB /* GrandPrixCalendar.app */ = {isa = PBXFileReference; explicitFileType = wrapper.application; includeInIndex = 0; path = GrandPrixCalendar.app; sourceTree = BUILT_PRODUCTS_DIR; };
		BCFF956B2AF564BA0027ADDB /* GrandPrixCalendarApp.swift */ = {isa = PBXFileReference; lastKnownFileType = sourcecode.swift; path = GrandPrixCalendarApp.swift; sourceTree = "<group>"; };
		BCFF956D2AF564BA0027ADDB /* ContentView.swift */ = {isa = PBXFileReference; lastKnownFileType = sourcecode.swift; path = ContentView.swift; sourceTree = "<group>"; };
		BCFF956F2AF564BB0027ADDB /* Assets.xcassets */ = {isa = PBXFileReference; lastKnownFileType = folder.assetcatalog; path = Assets.xcassets; sourceTree = "<group>"; };
		BCFF95722AF564BB0027ADDB /* Preview Assets.xcassets */ = {isa = PBXFileReference; lastKnownFileType = folder.assetcatalog; path = "Preview Assets.xcassets"; sourceTree = "<group>"; };
/* End PBXFileReference section */

/* Begin PBXFrameworksBuildPhase section */
		BCFF95652AF564BA0027ADDB /* Frameworks */ = {
			isa = PBXFrameworksBuildPhase;
			buildActionMask = 2147483647;
			files = (
			);
			runOnlyForDeploymentPostprocessing = 0;
		};
/* End PBXFrameworksBuildPhase section */

/* Begin PBXGroup section */
		BCB047402AF5AD64004C5A98 /* DataModel */ = {
			isa = PBXGroup;
			children = (
				BCB047382AF5A4DB004C5A98 /* Post.swift */,
				BCB0473A2AF5A5BA004C5A98 /* ListOfPosts.swift */,
				BCB0473E2AF5A85E004C5A98 /* Country.swift */,
				BCB0473C2AF5A6F1004C5A98 /* Date.swift */,
				BCB047472AF5C16F004C5A98 /* String.swift */,
			);
			path = DataModel;
			sourceTree = "<group>";
		};
		BCFF955F2AF564BA0027ADDB = {
			isa = PBXGroup;
			children = (
				BCFF956A2AF564BA0027ADDB /* GrandPrixCalendar */,
				BCFF95692AF564BA0027ADDB /* Products */,
			);
			sourceTree = "<group>";
		};
		BCFF95692AF564BA0027ADDB /* Products */ = {
			isa = PBXGroup;
			children = (
				BCFF95682AF564BA0027ADDB /* GrandPrixCalendar.app */,
			);
			name = Products;
			sourceTree = "<group>";
		};
		BCFF956A2AF564BA0027ADDB /* GrandPrixCalendar */ = {
			isa = PBXGroup;
			children = (
				BCFF956B2AF564BA0027ADDB /* GrandPrixCalendarApp.swift */,
				BCFF956D2AF564BA0027ADDB /* ContentView.swift */,
				BCB047412AF5B5BB004C5A98 /* InfoView.swift */,
				BCB047432AF5B92A004C5A98 /* InfoRow.swift */,
				BCB047452AF5B93B004C5A98 /* InfoDetails.swift */,
				BCB047492AF5DD14004C5A98 /* HelloView.swift */,
				BCB0474B2AF5DD98004C5A98 /* SettingsView.swift */,
				BCB047402AF5AD64004C5A98 /* DataModel */,
				BCFF956F2AF564BB0027ADDB /* Assets.xcassets */,
				BCFF95712AF564BB0027ADDB /* Preview Content */,
			);
			path = GrandPrixCalendar;
			sourceTree = "<group>";
		};
		BCFF95712AF564BB0027ADDB /* Preview Content */ = {
			isa = PBXGroup;
			children = (
				BCFF95722AF564BB0027ADDB /* Preview Assets.xcassets */,
			);
			path = "Preview Content";
			sourceTree = "<group>";
		};
/* End PBXGroup section */

/* Begin PBXNativeTarget section */
		BCFF95672AF564BA0027ADDB /* GrandPrixCalendar */ = {
			isa = PBXNativeTarget;
			buildConfigurationList = BCFF95762AF564BB0027ADDB /* Build configuration list for PBXNativeTarget "GrandPrixCalendar" */;
			buildPhases = (
				BCFF95642AF564BA0027ADDB /* Sources */,
				BCFF95652AF564BA0027ADDB /* Frameworks */,
				BCFF95662AF564BA0027ADDB /* Resources */,
			);
			buildRules = (
			);
			dependencies = (
			);
			name = GrandPrixCalendar;
			productName = GrandPrixCalendar;
			productReference = BCFF95682AF564BA0027ADDB /* GrandPrixCalendar.app */;
			productType = "com.apple.product-type.application";
		};
/* End PBXNativeTarget section */

/* Begin PBXProject section */
		BCFF95602AF564BA0027ADDB /* Project object */ = {
			isa = PBXProject;
			attributes = {
				BuildIndependentTargetsInParallel = 1;
				LastSwiftUpdateCheck = 1500;
				LastUpgradeCheck = 1500;
				TargetAttributes = {
					BCFF95672AF564BA0027ADDB = {
						CreatedOnToolsVersion = 15.0.1;
					};
				};
			};
			buildConfigurationList = BCFF95632AF564BA0027ADDB /* Build configuration list for PBXProject "GrandPrixCalendar" */;
			compatibilityVersion = "Xcode 14.0";
			developmentRegion = en;
			hasScannedForEncodings = 0;
			knownRegions = (
				en,
				Base,
			);
			mainGroup = BCFF955F2AF564BA0027ADDB;
			productRefGroup = BCFF95692AF564BA0027ADDB /* Products */;
			projectDirPath = "";
			projectRoot = "";
			targets = (
				BCFF95672AF564BA0027ADDB /* GrandPrixCalendar */,
			);
		};
/* End PBXProject section */

/* Begin PBXResourcesBuildPhase section */
		BCFF95662AF564BA0027ADDB /* Resources */ = {
			isa = PBXResourcesBuildPhase;
			buildActionMask = 2147483647;
			files = (
				BCFF95732AF564BB0027ADDB /* Preview Assets.xcassets in Resources */,
				BCFF95702AF564BB0027ADDB /* Assets.xcassets in Resources */,
			);
			runOnlyForDeploymentPostprocessing = 0;
		};
/* End PBXResourcesBuildPhase section */

/* Begin PBXSourcesBuildPhase section */
		BCFF95642AF564BA0027ADDB /* Sources */ = {
			isa = PBXSourcesBuildPhase;
			buildActionMask = 2147483647;
			files = (
				BCB047392AF5A4DB004C5A98 /* Post.swift in Sources */,
				BCB047462AF5B93B004C5A98 /* InfoDetails.swift in Sources */,
				BCB0474A2AF5DD14004C5A98 /* HelloView.swift in Sources */,
				BCB047482AF5C16F004C5A98 /* String.swift in Sources */,
				BCB0473D2AF5A6F1004C5A98 /* Date.swift in Sources */,
				BCFF956E2AF564BA0027ADDB /* ContentView.swift in Sources */,
				BCB0473B2AF5A5BA004C5A98 /* ListOfPosts.swift in Sources */,
				BCB047442AF5B92A004C5A98 /* InfoRow.swift in Sources */,
				BCB0473F2AF5A85E004C5A98 /* Country.swift in Sources */,
				BCB0474C2AF5DD98004C5A98 /* SettingsView.swift in Sources */,
				BCFF956C2AF564BA0027ADDB /* GrandPrixCalendarApp.swift in Sources */,
				BCB047422AF5B5BB004C5A98 /* InfoView.swift in Sources */,
			);
			runOnlyForDeploymentPostprocessing = 0;
		};
/* End PBXSourcesBuildPhase section */

/* Begin XCBuildConfiguration section */
		BCFF95742AF564BB0027ADDB /* Debug */ = {
			isa = XCBuildConfiguration;
			buildSettings = {
				ALWAYS_SEARCH_USER_PATHS = NO;
				ASSETCATALOG_COMPILER_GENERATE_SWIFT_ASSET_SYMBOL_EXTENSIONS = YES;
				CLANG_ANALYZER_NONNULL = YES;
				CLANG_ANALYZER_NUMBER_OBJECT_CONVERSION = YES_AGGRESSIVE;
				CLANG_CXX_LANGUAGE_STANDARD = "gnu++20";
				CLANG_ENABLE_MODULES = YES;
				CLANG_ENABLE_OBJC_ARC = YES;
				CLANG_ENABLE_OBJC_WEAK = YES;
				CLANG_WARN_BLOCK_CAPTURE_AUTORELEASING = YES;
				CLANG_WARN_BOOL_CONVERSION = YES;
				CLANG_WARN_COMMA = YES;
				CLANG_WARN_CONSTANT_CONVERSION = YES;
				CLANG_WARN_DEPRECATED_OBJC_IMPLEMENTATIONS = YES;
				CLANG_WARN_DIRECT_OBJC_ISA_USAGE = YES_ERROR;
				CLANG_WARN_DOCUMENTATION_COMMENTS = YES;
				CLANG_WARN_EMPTY_BODY = YES;
				CLANG_WARN_ENUM_CONVERSION = YES;
				CLANG_WARN_INFINITE_RECURSION = YES;
				CLANG_WARN_INT_CONVERSION = YES;
				CLANG_WARN_NON_LITERAL_NULL_CONVERSION = YES;
				CLANG_WARN_OBJC_IMPLICIT_RETAIN_SELF = YES;
				CLANG_WARN_OBJC_LITERAL_CONVERSION = YES;
				CLANG_WARN_OBJC_ROOT_CLASS = YES_ERROR;
				CLANG_WARN_QUOTED_INCLUDE_IN_FRAMEWORK_HEADER = YES;
				CLANG_WARN_RANGE_LOOP_ANALYSIS = YES;
				CLANG_WARN_STRICT_PROTOTYPES = YES;
				CLANG_WARN_SUSPICIOUS_MOVE = YES;
				CLANG_WARN_UNGUARDED_AVAILABILITY = YES_AGGRESSIVE;
				CLANG_WARN_UNREACHABLE_CODE = YES;
				CLANG_WARN__DUPLICATE_METHOD_MATCH = YES;
				COPY_PHASE_STRIP = NO;
				DEBUG_INFORMATION_FORMAT = dwarf;
				ENABLE_STRICT_OBJC_MSGSEND = YES;
				ENABLE_TESTABILITY = YES;
				ENABLE_USER_SCRIPT_SANDBOXING = YES;
				GCC_C_LANGUAGE_STANDARD = gnu17;
				GCC_DYNAMIC_NO_PIC = NO;
				GCC_NO_COMMON_BLOCKS = YES;
				GCC_OPTIMIZATION_LEVEL = 0;
				GCC_PREPROCESSOR_DEFINITIONS = (
					"DEBUG=1",
					"$(inherited)",
				);
				GCC_WARN_64_TO_32_BIT_CONVERSION = YES;
				GCC_WARN_ABOUT_RETURN_TYPE = YES_ERROR;
				GCC_WARN_UNDECLARED_SELECTOR = YES;
				GCC_WARN_UNINITIALIZED_AUTOS = YES_AGGRESSIVE;
				GCC_WARN_UNUSED_FUNCTION = YES;
				GCC_WARN_UNUSED_VARIABLE = YES;
				IPHONEOS_DEPLOYMENT_TARGET = 17.0;
				LOCALIZATION_PREFERS_STRING_CATALOGS = YES;
				MTL_ENABLE_DEBUG_INFO = INCLUDE_SOURCE;
				MTL_FAST_MATH = YES;
				ONLY_ACTIVE_ARCH = YES;
				SDKROOT = iphoneos;
				SWIFT_ACTIVE_COMPILATION_CONDITIONS = "DEBUG $(inherited)";
				SWIFT_OPTIMIZATION_LEVEL = "-Onone";
			};
			name = Debug;
		};
		BCFF95752AF564BB0027ADDB /* Release */ = {
			isa = XCBuildConfiguration;
			buildSettings = {
				ALWAYS_SEARCH_USER_PATHS = NO;
				ASSETCATALOG_COMPILER_GENERATE_SWIFT_ASSET_SYMBOL_EXTENSIONS = YES;
				CLANG_ANALYZER_NONNULL = YES;
				CLANG_ANALYZER_NUMBER_OBJECT_CONVERSION = YES_AGGRESSIVE;
				CLANG_CXX_LANGUAGE_STANDARD = "gnu++20";
				CLANG_ENABLE_MODULES = YES;
				CLANG_ENABLE_OBJC_ARC = YES;
				CLANG_ENABLE_OBJC_WEAK = YES;
				CLANG_WARN_BLOCK_CAPTURE_AUTORELEASING = YES;
				CLANG_WARN_BOOL_CONVERSION = YES;
				CLANG_WARN_COMMA = YES;
				CLANG_WARN_CONSTANT_CONVERSION = YES;
				CLANG_WARN_DEPRECATED_OBJC_IMPLEMENTATIONS = YES;
				CLANG_WARN_DIRECT_OBJC_ISA_USAGE = YES_ERROR;
				CLANG_WARN_DOCUMENTATION_COMMENTS = YES;
				CLANG_WARN_EMPTY_BODY = YES;
				CLANG_WARN_ENUM_CONVERSION = YES;
				CLANG_WARN_INFINITE_RECURSION = YES;
				CLANG_WARN_INT_CONVERSION = YES;
				CLANG_WARN_NON_LITERAL_NULL_CONVERSION = YES;
				CLANG_WARN_OBJC_IMPLICIT_RETAIN_SELF = YES;
				CLANG_WARN_OBJC_LITERAL_CONVERSION = YES;
				CLANG_WARN_OBJC_ROOT_CLASS = YES_ERROR;
				CLANG_WARN_QUOTED_INCLUDE_IN_FRAMEWORK_HEADER = YES;
				CLANG_WARN_RANGE_LOOP_ANALYSIS = YES;
				CLANG_WARN_STRICT_PROTOTYPES = YES;
				CLANG_WARN_SUSPICIOUS_MOVE = YES;
				CLANG_WARN_UNGUARDED_AVAILABILITY = YES_AGGRESSIVE;
				CLANG_WARN_UNREACHABLE_CODE = YES;
				CLANG_WARN__DUPLICATE_METHOD_MATCH = YES;
				COPY_PHASE_STRIP = NO;
				DEBUG_INFORMATION_FORMAT = "dwarf-with-dsym";
				ENABLE_NS_ASSERTIONS = NO;
				ENABLE_STRICT_OBJC_MSGSEND = YES;
				ENABLE_USER_SCRIPT_SANDBOXING = YES;
				GCC_C_LANGUAGE_STANDARD = gnu17;
				GCC_NO_COMMON_BLOCKS = YES;
				GCC_WARN_64_TO_32_BIT_CONVERSION = YES;
				GCC_WARN_ABOUT_RETURN_TYPE = YES_ERROR;
				GCC_WARN_UNDECLARED_SELECTOR = YES;
				GCC_WARN_UNINITIALIZED_AUTOS = YES_AGGRESSIVE;
				GCC_WARN_UNUSED_FUNCTION = YES;
				GCC_WARN_UNUSED_VARIABLE = YES;
				IPHONEOS_DEPLOYMENT_TARGET = 17.0;
				LOCALIZATION_PREFERS_STRING_CATALOGS = YES;
				MTL_ENABLE_DEBUG_INFO = NO;
				MTL_FAST_MATH = YES;
				SDKROOT = iphoneos;
				SWIFT_COMPILATION_MODE = wholemodule;
				VALIDATE_PRODUCT = YES;
			};
			name = Release;
		};
		BCFF95772AF564BB0027ADDB /* Debug */ = {
			isa = XCBuildConfiguration;
			buildSettings = {
				ASSETCATALOG_COMPILER_APPICON_NAME = AppIcon;
				ASSETCATALOG_COMPILER_GLOBAL_ACCENT_COLOR_NAME = AccentColor;
				CODE_SIGN_STYLE = Automatic;
				CURRENT_PROJECT_VERSION = 1;
				DEVELOPMENT_ASSET_PATHS = "\"GrandPrixCalendar/Preview Content\"";
				DEVELOPMENT_TEAM = ZHJ85R56XF;
				ENABLE_PREVIEWS = YES;
				GENERATE_INFOPLIST_FILE = YES;
				INFOPLIST_KEY_UIApplicationSceneManifest_Generation = YES;
				INFOPLIST_KEY_UIApplicationSupportsIndirectInputEvents = YES;
				INFOPLIST_KEY_UILaunchScreen_Generation = YES;
				INFOPLIST_KEY_UISupportedInterfaceOrientations_iPad = "UIInterfaceOrientationPortrait UIInterfaceOrientationPortraitUpsideDown UIInterfaceOrientationLandscapeLeft UIInterfaceOrientationLandscapeRight";
				INFOPLIST_KEY_UISupportedInterfaceOrientations_iPhone = "UIInterfaceOrientationPortrait UIInterfaceOrientationLandscapeLeft UIInterfaceOrientationLandscapeRight";
				LD_RUNPATH_SEARCH_PATHS = (
					"$(inherited)",
					"@executable_path/Frameworks",
				);
				MARKETING_VERSION = 1.0;
				PRODUCT_BUNDLE_IDENTIFIER = ru.matsulenko.GrandPrixCalendar;
				PRODUCT_NAME = "$(TARGET_NAME)";
				SWIFT_EMIT_LOC_STRINGS = YES;
				SWIFT_VERSION = 5.0;
				TARGETED_DEVICE_FAMILY = "1,2";
			};
			name = Debug;
		};
		BCFF95782AF564BB0027ADDB /* Release */ = {
			isa = XCBuildConfiguration;
			buildSettings = {
				ASSETCATALOG_COMPILER_APPICON_NAME = AppIcon;
				ASSETCATALOG_COMPILER_GLOBAL_ACCENT_COLOR_NAME = AccentColor;
				CODE_SIGN_STYLE = Automatic;
				CURRENT_PROJECT_VERSION = 1;
				DEVELOPMENT_ASSET_PATHS = "\"GrandPrixCalendar/Preview Content\"";
				DEVELOPMENT_TEAM = ZHJ85R56XF;
				ENABLE_PREVIEWS = YES;
				GENERATE_INFOPLIST_FILE = YES;
				INFOPLIST_KEY_UIApplicationSceneManifest_Generation = YES;
				INFOPLIST_KEY_UIApplicationSupportsIndirectInputEvents = YES;
				INFOPLIST_KEY_UILaunchScreen_Generation = YES;
				INFOPLIST_KEY_UISupportedInterfaceOrientations_iPad = "UIInterfaceOrientationPortrait UIInterfaceOrientationPortraitUpsideDown UIInterfaceOrientationLandscapeLeft UIInterfaceOrientationLandscapeRight";
				INFOPLIST_KEY_UISupportedInterfaceOrientations_iPhone = "UIInterfaceOrientationPortrait UIInterfaceOrientationLandscapeLeft UIInterfaceOrientationLandscapeRight";
				LD_RUNPATH_SEARCH_PATHS = (
					"$(inherited)",
					"@executable_path/Frameworks",
				);
				MARKETING_VERSION = 1.0;
				PRODUCT_BUNDLE_IDENTIFIER = ru.matsulenko.GrandPrixCalendar;
				PRODUCT_NAME = "$(TARGET_NAME)";
				SWIFT_EMIT_LOC_STRINGS = YES;
				SWIFT_VERSION = 5.0;
				TARGETED_DEVICE_FAMILY = "1,2";
			};
			name = Release;
		};
/* End XCBuildConfiguration section */

/* Begin XCConfigurationList section */
		BCFF95632AF564BA0027ADDB /* Build configuration list for PBXProject "GrandPrixCalendar" */ = {
			isa = XCConfigurationList;
			buildConfigurations = (
				BCFF95742AF564BB0027ADDB /* Debug */,
				BCFF95752AF564BB0027ADDB /* Release */,
			);
			defaultConfigurationIsVisible = 0;
			defaultConfigurationName = Release;
		};
		BCFF95762AF564BB0027ADDB /* Build configuration list for PBXNativeTarget "GrandPrixCalendar" */ = {
			isa = XCConfigurationList;
			buildConfigurations = (
				BCFF95772AF564BB0027ADDB /* Debug */,
				BCFF95782AF564BB0027ADDB /* Release */,
			);
			defaultConfigurationIsVisible = 0;
			defaultConfigurationName = Release;
		};
/* End XCConfigurationList section */
	};
	rootObject = BCFF95602AF564BA0027ADDB /* Project object */;
}
